
Microsoft Visual Studio Solution File, Format Version 12.00
# Visual Studio Version 16
VisualStudioVersion = 16.0.30128.74
MinimumVisualStudioVersion = 10.0.40219.1
Project("{9A19103F-16F7-4668-BE54-9A1E7A4F7556}") = "FakeAgent.Net", "FakeAgent.Net\FakeAgent.Net.csproj", "{B4150687-E2A6-4C09-B40B-D7B5A132EFE1}"
EndProject
Project("{9A19103F-16F7-4668-BE54-9A1E7A4F7556}") = "FakeAgent.Net.Tests", "FakeAgent.Net.Tests\FakeAgent.Net.Tests.csproj", "{1D79FA4C-C009-495B-8E66-FCB0B9A0706B}"
EndProject
Project("{2150E333-8FDC-42A3-9474-1A3956D46DE8}") = "git", "git", "{039E6232-2074-450D-BC61-37E79ECFAAB8}"
	ProjectSection(SolutionItems) = preProject
		..\.gitignore = ..\.gitignore
		..\LICENSE = ..\LICENSE
		..\README.md = ..\README.md
	EndProjectSection
EndProject
Global
	GlobalSection(SolutionConfigurationPlatforms) = preSolution
		Debug|Any CPU = Debug|Any CPU
		Release|Any CPU = Release|Any CPU
	EndGlobalSection
	GlobalSection(ProjectConfigurationPlatforms) = postSolution
		{B4150687-E2A6-4C09-B40B-D7B5A132EFE1}.Debug|Any CPU.ActiveCfg = Debug|Any CPU
		{B4150687-E2A6-4C09-B40B-D7B5A132EFE1}.Debug|Any CPU.Build.0 = Debug|Any CPU
		{B4150687-E2A6-4C09-B40B-D7B5A132EFE1}.Release|Any CPU.ActiveCfg = Release|Any CPU
		{B4150687-E2A6-4C09-B40B-D7B5A132EFE1}.Release|Any CPU.Build.0 = Release|Any CPU
		{1D79FA4C-C009-495B-8E66-FCB0B9A0706B}.Debug|Any CPU.ActiveCfg = Debug|Any CPU
		{1D79FA4C-C009-495B-8E66-FCB0B9A0706B}.Debug|Any CPU.Build.0 = Debug|Any CPU
		{1D79FA4C-C009-495B-8E66-FCB0B9A0706B}.Release|Any CPU.ActiveCfg = Release|Any CPU
		{1D79FA4C-C009-495B-8E66-FCB0B9A0706B}.Release|Any CPU.Build.0 = Release|Any CPU
	EndGlobalSection
	GlobalSection(SolutionProperties) = preSolution
		HideSolutionNode = FALSE
	EndGlobalSection
	GlobalSection(ExtensibilityGlobals) = postSolution
		SolutionGuid = {E00F9B82-7EB8-4F1D-A610-03CA592C533F}
	EndGlobalSection
EndGlobal
